PODS:
  - AsyncDisplayKit (1.9):
    - AsyncDisplayKit/ASDealloc2MainObject (= 1.9)
  - AsyncDisplayKit/ASDealloc2MainObject (1.9)

DEPENDENCIES:
  - AsyncDisplayKit (from `https://github.com/facebook/AsyncDisplayKit`)

EXTERNAL SOURCES:
  AsyncDisplayKit:
    :git: https://github.com/facebook/AsyncDisplayKit

CHECKOUT OPTIONS:
  AsyncDisplayKit:
    :commit: ed6357737065d45a262efa28c739e4811feaf9f5
    :git: https://github.com/facebook/AsyncDisplayKit

SPEC CHECKSUMS:
  AsyncDisplayKit: 957560ccfd103fdc8f53605e11e4bc30b16aaf67

COCOAPODS: 0.39.0.beta.5
